// !$*UTF8*$!
{
	archiveVersion = 1;
	classes = {
	};
	objectVersion = 46;
	objects = {

/* Begin PBXBuildFile section */
		A620CE051A47DAFB007AA4ED /* SignUpViewController.m in Sources */ = {isa = PBXBuildFile; fileRef = A620CE041A47DAFB007AA4ED /* SignUpViewController.m */; };
		A620CE0A1A4A061E007AA4ED /* TPKeyboardAvoidingScrollView.m in Sources */ = {isa = PBXBuildFile; fileRef = A620CE091A4A061E007AA4ED /* TPKeyboardAvoidingScrollView.m */; };
		A62EF0001A31EC1F00C9661D /* JobOppTableViewController.m in Sources */ = {isa = PBXBuildFile; fileRef = A62EEFFF1A31EC1F00C9661D /* JobOppTableViewController.m */; };
		A63209041A2B13DC004080F2 /* CoreLocation.framework in Frameworks */ = {isa = PBXBuildFile; fileRef = A63209011A2B13DC004080F2 /* CoreLocation.framework */; };
		A63209051A2B13DC004080F2 /* MapKit.framework in Frameworks */ = {isa = PBXBuildFile; fileRef = A63209021A2B13DC004080F2 /* MapKit.framework */; };
		A63209061A2B13DC004080F2 /* QuartzCore.framework in Frameworks */ = {isa = PBXBuildFile; fileRef = A63209031A2B13DC004080F2 /* QuartzCore.framework */; };
		A63209101A2BD263004080F2 /* InformationSessionTableViewController.m in Sources */ = {isa = PBXBuildFile; fileRef = A632090F1A2BD263004080F2 /* InformationSessionTableViewController.m */; };
		A63209131A2BD2B5004080F2 /* WorkshopTableViewController.m in Sources */ = {isa = PBXBuildFile; fileRef = A63209121A2BD2B5004080F2 /* WorkshopTableViewController.m */; };
		A63209161A2BD2EF004080F2 /* RoadMapTableViewController.m in Sources */ = {isa = PBXBuildFile; fileRef = A63209151A2BD2EF004080F2 /* RoadMapTableViewController.m */; };
		A63209201A2BEBFA004080F2 /* AudioToolbox.framework in Frameworks */ = {isa = PBXBuildFile; fileRef = A63209181A2BEBFA004080F2 /* AudioToolbox.framework */; };
		A63209211A2BEBFA004080F2 /* CFNetwork.framework in Frameworks */ = {isa = PBXBuildFile; fileRef = A63209191A2BEBFA004080F2 /* CFNetwork.framework */; };
		A63209221A2BEBFA004080F2 /* CoreGraphics.framework in Frameworks */ = {isa = PBXBuildFile; fileRef = A632091A1A2BEBFA004080F2 /* CoreGraphics.framework */; };
		A63209231A2BEBFA004080F2 /* libz.dylib in Frameworks */ = {isa = PBXBuildFile; fileRef = A632091B1A2BEBFA004080F2 /* libz.dylib */; };
		A63209241A2BEBFA004080F2 /* MobileCoreServices.framework in Frameworks */ = {isa = PBXBuildFile; fileRef = A632091C1A2BEBFA004080F2 /* MobileCoreServices.framework */; };
		A63209251A2BEBFA004080F2 /* Security.framework in Frameworks */ = {isa = PBXBuildFile; fileRef = A632091D1A2BEBFA004080F2 /* Security.framework */; };
		A63209261A2BEBFA004080F2 /* StoreKit.framework in Frameworks */ = {isa = PBXBuildFile; fileRef = A632091E1A2BEBFA004080F2 /* StoreKit.framework */; };
		A63209271A2BEBFA004080F2 /* SystemConfiguration.framework in Frameworks */ = {isa = PBXBuildFile; fileRef = A632091F1A2BEBFA004080F2 /* SystemConfiguration.framework */; };
		A632092B1A2BEDB9004080F2 /* Bolts.framework in Frameworks */ = {isa = PBXBuildFile; fileRef = A63209281A2BEDB9004080F2 /* Bolts.framework */; };
		A632092C1A2BEDB9004080F2 /* Parse.framework in Frameworks */ = {isa = PBXBuildFile; fileRef = A63209291A2BEDB9004080F2 /* Parse.framework */; };
		A632092D1A2BEDB9004080F2 /* ParseFacebookUtils.framework in Frameworks */ = {isa = PBXBuildFile; fileRef = A632092A1A2BEDB9004080F2 /* ParseFacebookUtils.framework */; };
		A63209301A2DAF66004080F2 /* LoginViewController.m in Sources */ = {isa = PBXBuildFile; fileRef = A632092F1A2DAF66004080F2 /* LoginViewController.m */; };
		A6388A691A30CCEE002FB20A /* DetailInformationViewController.m in Sources */ = {isa = PBXBuildFile; fileRef = A6388A681A30CCEE002FB20A /* DetailInformationViewController.m */; };
		A6388A6B1A30FAA4002FB20A /* EventKit.framework in Frameworks */ = {isa = PBXBuildFile; fileRef = A6388A6A1A30FAA4002FB20A /* EventKit.framework */; };
		A63C4CC31A79FE720020199B /* TableCellsViewController.m in Sources */ = {isa = PBXBuildFile; fileRef = A63C4CC21A79FE720020199B /* TableCellsViewController.m */; };
		A6446CF21A717A370082F989 /* WhereTheFoodTableViewController.m in Sources */ = {isa = PBXBuildFile; fileRef = A6446CF11A717A370082F989 /* WhereTheFoodTableViewController.m */; };
		A6446CF81A718EBE0082F989 /* MSCellAccessory.m in Sources */ = {isa = PBXBuildFile; fileRef = A6446CF51A718EBE0082F989 /* MSCellAccessory.m */; };
		A6446CF91A718EBE0082F989 /* UIView+AccessViewController.m in Sources */ = {isa = PBXBuildFile; fileRef = A6446CF71A718EBE0082F989 /* UIView+AccessViewController.m */; };
		A6651D4D1A2AC84A0019F9DA /* main.m in Sources */ = {isa = PBXBuildFile; fileRef = A6651D4C1A2AC84A0019F9DA /* main.m */; };
		A6651D501A2AC84A0019F9DA /* AppDelegate.m in Sources */ = {isa = PBXBuildFile; fileRef = A6651D4F1A2AC84A0019F9DA /* AppDelegate.m */; };
		A6651D561A2AC84B0019F9DA /* Main.storyboard in Resources */ = {isa = PBXBuildFile; fileRef = A6651D541A2AC84B0019F9DA /* Main.storyboard */; };
		A6651D581A2AC84B0019F9DA /* Images.xcassets in Resources */ = {isa = PBXBuildFile; fileRef = A6651D571A2AC84B0019F9DA /* Images.xcassets */; };
		A6651D5B1A2AC84B0019F9DA /* LaunchScreen.xib in Resources */ = {isa = PBXBuildFile; fileRef = A6651D591A2AC84B0019F9DA /* LaunchScreen.xib */; };
		A6651D671A2AC84B0019F9DA /* SideBarTests.m in Sources */ = {isa = PBXBuildFile; fileRef = A6651D661A2AC84B0019F9DA /* SideBarTests.m */; };
		A6651D811A2AD1550019F9DA /* bookmark_photo.jpg in Resources */ = {isa = PBXBuildFile; fileRef = A6651D711A2AD1540019F9DA /* bookmark_photo.jpg */; };
		A6651D831A2AD1550019F9DA /* calendar_photo.jpg in Resources */ = {isa = PBXBuildFile; fileRef = A6651D731A2AD1540019F9DA /* calendar_photo.jpg */; };
		A6651D851A2AD1550019F9DA /* comments_photo.jpg in Resources */ = {isa = PBXBuildFile; fileRef = A6651D751A2AD1540019F9DA /* comments_photo.jpg */; };
		A6651D8D1A2AD1550019F9DA /* tag_photo.jpg in Resources */ = {isa = PBXBuildFile; fileRef = A6651D7D1A2AD1550019F9DA /* tag_photo.jpg */; };
		A6651D8F1A2AD1550019F9DA /* wishlist_photo.jpg in Resources */ = {isa = PBXBuildFile; fileRef = A6651D7F1A2AD1550019F9DA /* wishlist_photo.jpg */; };
		A6651D941A2AD3BB0019F9DA /* SWRevealViewController.m in Sources */ = {isa = PBXBuildFile; fileRef = A6651D931A2AD3BB0019F9DA /* SWRevealViewController.m */; };
		A6651D971A2AD4610019F9DA /* MainViewController.m in Sources */ = {isa = PBXBuildFile; fileRef = A6651D961A2AD4610019F9DA /* MainViewController.m */; };
		A6651D9A1A2AD4870019F9DA /* SidebarTableViewController.m in Sources */ = {isa = PBXBuildFile; fileRef = A6651D991A2AD4870019F9DA /* SidebarTableViewController.m */; };
		A6AE0D011A944893005F3BA3 /* InformationSessionTableViewCell.m in Sources */ = {isa = PBXBuildFile; fileRef = A6AE0D001A944893005F3BA3 /* InformationSessionTableViewCell.m */; };
		A6AE0D041A966D02005F3BA3 /* JobDetailViewController.m in Sources */ = {isa = PBXBuildFile; fileRef = A6AE0D031A966D02005F3BA3 /* JobDetailViewController.m */; };
/* End PBXBuildFile section */

/* Begin PBXContainerItemProxy section */
		A6651D611A2AC84B0019F9DA /* PBXContainerItemProxy */ = {
			isa = PBXContainerItemProxy;
			containerPortal = A6651D3F1A2AC84A0019F9DA /* Project object */;
			proxyType = 1;
			remoteGlobalIDString = A6651D461A2AC84A0019F9DA;
			remoteInfo = SideBar;
		};
/* End PBXContainerItemProxy section */

/* Begin PBXFileReference section */
		A620CE031A47DAFB007AA4ED /* SignUpViewController.h */ = {isa = PBXFileReference; fileEncoding = 4; lastKnownFileType = sourcecode.c.h; path = SignUpViewController.h; sourceTree = "<group>"; };
		A620CE041A47DAFB007AA4ED /* SignUpViewController.m */ = {isa = PBXFileReference; fileEncoding = 4; lastKnownFileType = sourcecode.c.objc; path = SignUpViewController.m; sourceTree = "<group>"; };
		A620CE081A4A061E007AA4ED /* TPKeyboardAvoidingScrollView.h */ = {isa = PBXFileReference; fileEncoding = 4; lastKnownFileType = sourcecode.c.h; path = TPKeyboardAvoidingScrollView.h; sourceTree = "<group>"; };
		A620CE091A4A061E007AA4ED /* TPKeyboardAvoidingScrollView.m */ = {isa = PBXFileReference; fileEncoding = 4; lastKnownFileType = sourcecode.c.objc; path = TPKeyboardAvoidingScrollView.m; sourceTree = "<group>"; };
		A62EEFFE1A31EC1F00C9661D /* JobOppTableViewController.h */ = {isa = PBXFileReference; fileEncoding = 4; lastKnownFileType = sourcecode.c.h; path = JobOppTableViewController.h; sourceTree = "<group>"; };
		A62EEFFF1A31EC1F00C9661D /* JobOppTableViewController.m */ = {isa = PBXFileReference; fileEncoding = 4; lastKnownFileType = sourcecode.c.objc; path = JobOppTableViewController.m; sourceTree = "<group>"; };
		A63209011A2B13DC004080F2 /* CoreLocation.framework */ = {isa = PBXFileReference; lastKnownFileType = wrapper.framework; name = CoreLocation.framework; path = System/Library/Frameworks/CoreLocation.framework; sourceTree = SDKROOT; };
		A63209021A2B13DC004080F2 /* MapKit.framework */ = {isa = PBXFileReference; lastKnownFileType = wrapper.framework; name = MapKit.framework; path = System/Library/Frameworks/MapKit.framework; sourceTree = SDKROOT; };
		A63209031A2B13DC004080F2 /* QuartzCore.framework */ = {isa = PBXFileReference; lastKnownFileType = wrapper.framework; name = QuartzCore.framework; path = System/Library/Frameworks/QuartzCore.framework; sourceTree = SDKROOT; };
		A632090E1A2BD263004080F2 /* InformationSessionTableViewController.h */ = {isa = PBXFileReference; fileEncoding = 4; lastKnownFileType = sourcecode.c.h; path = InformationSessionTableViewController.h; sourceTree = "<group>"; };
		A632090F1A2BD263004080F2 /* InformationSessionTableViewController.m */ = {isa = PBXFileReference; fileEncoding = 4; lastKnownFileType = sourcecode.c.objc; path = InformationSessionTableViewController.m; sourceTree = "<group>"; };
		A63209111A2BD2B5004080F2 /* WorkshopTableViewController.h */ = {isa = PBXFileReference; fileEncoding = 4; lastKnownFileType = sourcecode.c.h; path = WorkshopTableViewController.h; sourceTree = "<group>"; };
		A63209121A2BD2B5004080F2 /* WorkshopTableViewController.m */ = {isa = PBXFileReference; fileEncoding = 4; lastKnownFileType = sourcecode.c.objc; path = WorkshopTableViewController.m; sourceTree = "<group>"; };
		A63209141A2BD2EF004080F2 /* RoadMapTableViewController.h */ = {isa = PBXFileReference; fileEncoding = 4; lastKnownFileType = sourcecode.c.h; path = RoadMapTableViewController.h; sourceTree = "<group>"; };
		A63209151A2BD2EF004080F2 /* RoadMapTableViewController.m */ = {isa = PBXFileReference; fileEncoding = 4; lastKnownFileType = sourcecode.c.objc; path = RoadMapTableViewController.m; sourceTree = "<group>"; };
		A63209181A2BEBFA004080F2 /* AudioToolbox.framework */ = {isa = PBXFileReference; lastKnownFileType = wrapper.framework; name = AudioToolbox.framework; path = System/Library/Frameworks/AudioToolbox.framework; sourceTree = SDKROOT; };
		A63209191A2BEBFA004080F2 /* CFNetwork.framework */ = {isa = PBXFileReference; lastKnownFileType = wrapper.framework; name = CFNetwork.framework; path = System/Library/Frameworks/CFNetwork.framework; sourceTree = SDKROOT; };
		A632091A1A2BEBFA004080F2 /* CoreGraphics.framework */ = {isa = PBXFileReference; lastKnownFileType = wrapper.framework; name = CoreGraphics.framework; path = System/Library/Frameworks/CoreGraphics.framework; sourceTree = SDKROOT; };
		A632091B1A2BEBFA004080F2 /* libz.dylib */ = {isa = PBXFileReference; lastKnownFileType = "compiled.mach-o.dylib"; name = libz.dylib; path = usr/lib/libz.dylib; sourceTree = SDKROOT; };
		A632091C1A2BEBFA004080F2 /* MobileCoreServices.framework */ = {isa = PBXFileReference; lastKnownFileType = wrapper.framework; name = MobileCoreServices.framework; path = System/Library/Frameworks/MobileCoreServices.framework; sourceTree = SDKROOT; };
		A632091D1A2BEBFA004080F2 /* Security.framework */ = {isa = PBXFileReference; lastKnownFileType = wrapper.framework; name = Security.framework; path = System/Library/Frameworks/Security.framework; sourceTree = SDKROOT; };
		A632091E1A2BEBFA004080F2 /* StoreKit.framework */ = {isa = PBXFileReference; lastKnownFileType = wrapper.framework; name = StoreKit.framework; path = System/Library/Frameworks/StoreKit.framework; sourceTree = SDKROOT; };
		A632091F1A2BEBFA004080F2 /* SystemConfiguration.framework */ = {isa = PBXFileReference; lastKnownFileType = wrapper.framework; name = SystemConfiguration.framework; path = System/Library/Frameworks/SystemConfiguration.framework; sourceTree = SDKROOT; };
		A63209281A2BEDB9004080F2 /* Bolts.framework */ = {isa = PBXFileReference; lastKnownFileType = wrapper.framework; path = Bolts.framework; sourceTree = "<group>"; };
		A63209291A2BEDB9004080F2 /* Parse.framework */ = {isa = PBXFileReference; lastKnownFileType = wrapper.framework; path = Parse.framework; sourceTree = "<group>"; };
		A632092A1A2BEDB9004080F2 /* ParseFacebookUtils.framework */ = {isa = PBXFileReference; lastKnownFileType = wrapper.framework; path = ParseFacebookUtils.framework; sourceTree = "<group>"; };
		A632092E1A2DAF66004080F2 /* LoginViewController.h */ = {isa = PBXFileReference; fileEncoding = 4; lastKnownFileType = sourcecode.c.h; path = LoginViewController.h; sourceTree = "<group>"; };
		A632092F1A2DAF66004080F2 /* LoginViewController.m */ = {isa = PBXFileReference; fileEncoding = 4; lastKnownFileType = sourcecode.c.objc; path = LoginViewController.m; sourceTree = "<group>"; };
		A6388A671A30CCEE002FB20A /* DetailInformationViewController.h */ = {isa = PBXFileReference; fileEncoding = 4; lastKnownFileType = sourcecode.c.h; path = DetailInformationViewController.h; sourceTree = "<group>"; };
		A6388A681A30CCEE002FB20A /* DetailInformationViewController.m */ = {isa = PBXFileReference; fileEncoding = 4; lastKnownFileType = sourcecode.c.objc; path = DetailInformationViewController.m; sourceTree = "<group>"; };
		A6388A6A1A30FAA4002FB20A /* EventKit.framework */ = {isa = PBXFileReference; lastKnownFileType = wrapper.framework; name = EventKit.framework; path = System/Library/Frameworks/EventKit.framework; sourceTree = SDKROOT; };
		A63C4CC11A79FE710020199B /* TableCellsViewController.h */ = {isa = PBXFileReference; fileEncoding = 4; lastKnownFileType = sourcecode.c.h; path = TableCellsViewController.h; sourceTree = "<group>"; };
		A63C4CC21A79FE720020199B /* TableCellsViewController.m */ = {isa = PBXFileReference; fileEncoding = 4; lastKnownFileType = sourcecode.c.objc; path = TableCellsViewController.m; sourceTree = "<group>"; };
		A6446CF01A717A370082F989 /* WhereTheFoodTableViewController.h */ = {isa = PBXFileReference; fileEncoding = 4; lastKnownFileType = sourcecode.c.h; path = WhereTheFoodTableViewController.h; sourceTree = "<group>"; };
		A6446CF11A717A370082F989 /* WhereTheFoodTableViewController.m */ = {isa = PBXFileReference; fileEncoding = 4; lastKnownFileType = sourcecode.c.objc; path = WhereTheFoodTableViewController.m; sourceTree = "<group>"; };
		A6446CF41A718EBE0082F989 /* MSCellAccessory.h */ = {isa = PBXFileReference; fileEncoding = 4; lastKnownFileType = sourcecode.c.h; path = MSCellAccessory.h; sourceTree = "<group>"; };
		A6446CF51A718EBE0082F989 /* MSCellAccessory.m */ = {isa = PBXFileReference; fileEncoding = 4; lastKnownFileType = sourcecode.c.objc; path = MSCellAccessory.m; sourceTree = "<group>"; };
		A6446CF61A718EBE0082F989 /* UIView+AccessViewController.h */ = {isa = PBXFileReference; fileEncoding = 4; lastKnownFileType = sourcecode.c.h; path = "UIView+AccessViewController.h"; sourceTree = "<group>"; };
		A6446CF71A718EBE0082F989 /* UIView+AccessViewController.m */ = {isa = PBXFileReference; fileEncoding = 4; lastKnownFileType = sourcecode.c.objc; path = "UIView+AccessViewController.m"; sourceTree = "<group>"; };
		A6651D471A2AC84A0019F9DA /* SideBar.app */ = {isa = PBXFileReference; explicitFileType = wrapper.application; includeInIndex = 0; path = SideBar.app; sourceTree = BUILT_PRODUCTS_DIR; };
		A6651D4B1A2AC84A0019F9DA /* Info.plist */ = {isa = PBXFileReference; lastKnownFileType = text.plist.xml; path = Info.plist; sourceTree = "<group>"; };
		A6651D4C1A2AC84A0019F9DA /* main.m */ = {isa = PBXFileReference; lastKnownFileType = sourcecode.c.objc; path = main.m; sourceTree = "<group>"; };
		A6651D4E1A2AC84A0019F9DA /* AppDelegate.h */ = {isa = PBXFileReference; lastKnownFileType = sourcecode.c.h; path = AppDelegate.h; sourceTree = "<group>"; };
		A6651D4F1A2AC84A0019F9DA /* AppDelegate.m */ = {isa = PBXFileReference; lastKnownFileType = sourcecode.c.objc; path = AppDelegate.m; sourceTree = "<group>"; };
		A6651D551A2AC84B0019F9DA /* Base */ = {isa = PBXFileReference; lastKnownFileType = file.storyboard; name = Base; path = Base.lproj/Main.storyboard; sourceTree = "<group>"; };
		A6651D571A2AC84B0019F9DA /* Images.xcassets */ = {isa = PBXFileReference; lastKnownFileType = folder.assetcatalog; path = Images.xcassets; sourceTree = "<group>"; };
		A6651D5A1A2AC84B0019F9DA /* Base */ = {isa = PBXFileReference; lastKnownFileType = file.xib; name = Base; path = Base.lproj/LaunchScreen.xib; sourceTree = "<group>"; };
		A6651D601A2AC84B0019F9DA /* SideBarTests.xctest */ = {isa = PBXFileReference; explicitFileType = wrapper.cfbundle; includeInIndex = 0; path = SideBarTests.xctest; sourceTree = BUILT_PRODUCTS_DIR; };
		A6651D651A2AC84B0019F9DA /* Info.plist */ = {isa = PBXFileReference; lastKnownFileType = text.plist.xml; path = Info.plist; sourceTree = "<group>"; };
		A6651D661A2AC84B0019F9DA /* SideBarTests.m */ = {isa = PBXFileReference; lastKnownFileType = sourcecode.c.objc; path = SideBarTests.m; sourceTree = "<group>"; };
		A6651D711A2AD1540019F9DA /* bookmark_photo.jpg */ = {isa = PBXFileReference; lastKnownFileType = image.jpeg; path = bookmark_photo.jpg; sourceTree = "<group>"; };
		A6651D731A2AD1540019F9DA /* calendar_photo.jpg */ = {isa = PBXFileReference; lastKnownFileType = image.jpeg; path = calendar_photo.jpg; sourceTree = "<group>"; };
		A6651D751A2AD1540019F9DA /* comments_photo.jpg */ = {isa = PBXFileReference; lastKnownFileType = image.jpeg; path = comments_photo.jpg; sourceTree = "<group>"; };
		A6651D7D1A2AD1550019F9DA /* tag_photo.jpg */ = {isa = PBXFileReference; lastKnownFileType = image.jpeg; path = tag_photo.jpg; sourceTree = "<group>"; };
		A6651D7F1A2AD1550019F9DA /* wishlist_photo.jpg */ = {isa = PBXFileReference; lastKnownFileType = image.jpeg; path = wishlist_photo.jpg; sourceTree = "<group>"; };
		A6651D921A2AD3BB0019F9DA /* SWRevealViewController.h */ = {isa = PBXFileReference; fileEncoding = 4; lastKnownFileType = sourcecode.c.h; path = SWRevealViewController.h; sourceTree = "<group>"; };
		A6651D931A2AD3BB0019F9DA /* SWRevealViewController.m */ = {isa = PBXFileReference; fileEncoding = 4; lastKnownFileType = sourcecode.c.objc; path = SWRevealViewController.m; sourceTree = "<group>"; };
		A6651D951A2AD4610019F9DA /* MainViewController.h */ = {isa = PBXFileReference; fileEncoding = 4; lastKnownFileType = sourcecode.c.h; name = MainViewController.h; path = ../MainViewController.h; sourceTree = "<group>"; };
		A6651D961A2AD4610019F9DA /* MainViewController.m */ = {isa = PBXFileReference; fileEncoding = 4; lastKnownFileType = sourcecode.c.objc; name = MainViewController.m; path = ../MainViewController.m; sourceTree = "<group>"; };
		A6651D981A2AD4870019F9DA /* SidebarTableViewController.h */ = {isa = PBXFileReference; fileEncoding = 4; lastKnownFileType = sourcecode.c.h; name = SidebarTableViewController.h; path = ../SidebarTableViewController.h; sourceTree = "<group>"; };
		A6651D991A2AD4870019F9DA /* SidebarTableViewController.m */ = {isa = PBXFileReference; fileEncoding = 4; lastKnownFileType = sourcecode.c.objc; name = SidebarTableViewController.m; path = ../SidebarTableViewController.m; sourceTree = "<group>"; };
		A6AE0CFF1A944893005F3BA3 /* InformationSessionTableViewCell.h */ = {isa = PBXFileReference; fileEncoding = 4; lastKnownFileType = sourcecode.c.h; path = InformationSessionTableViewCell.h; sourceTree = "<group>"; };
		A6AE0D001A944893005F3BA3 /* InformationSessionTableViewCell.m */ = {isa = PBXFileReference; fileEncoding = 4; lastKnownFileType = sourcecode.c.objc; path = InformationSessionTableViewCell.m; sourceTree = "<group>"; };
		A6AE0D021A966D02005F3BA3 /* JobDetailViewController.h */ = {isa = PBXFileReference; fileEncoding = 4; lastKnownFileType = sourcecode.c.h; path = JobDetailViewController.h; sourceTree = "<group>"; };
		A6AE0D031A966D02005F3BA3 /* JobDetailViewController.m */ = {isa = PBXFileReference; fileEncoding = 4; lastKnownFileType = sourcecode.c.objc; path = JobDetailViewController.m; sourceTree = "<group>"; };
/* End PBXFileReference section */

/* Begin PBXFrameworksBuildPhase section */
		A6651D441A2AC84A0019F9DA /* Frameworks */ = {
			isa = PBXFrameworksBuildPhase;
			buildActionMask = 2147483647;
			files = (
				A6388A6B1A30FAA4002FB20A /* EventKit.framework in Frameworks */,
				A632092D1A2BEDB9004080F2 /* ParseFacebookUtils.framework in Frameworks */,
				A63209201A2BEBFA004080F2 /* AudioToolbox.framework in Frameworks */,
				A63209211A2BEBFA004080F2 /* CFNetwork.framework in Frameworks */,
				A63209221A2BEBFA004080F2 /* CoreGraphics.framework in Frameworks */,
				A632092B1A2BEDB9004080F2 /* Bolts.framework in Frameworks */,
				A63209231A2BEBFA004080F2 /* libz.dylib in Frameworks */,
				A63209241A2BEBFA004080F2 /* MobileCoreServices.framework in Frameworks */,
				A632092C1A2BEDB9004080F2 /* Parse.framework in Frameworks */,
				A63209251A2BEBFA004080F2 /* Security.framework in Frameworks */,
				A63209261A2BEBFA004080F2 /* StoreKit.framework in Frameworks */,
				A63209271A2BEBFA004080F2 /* SystemConfiguration.framework in Frameworks */,
				A63209041A2B13DC004080F2 /* CoreLocation.framework in Frameworks */,
				A63209051A2B13DC004080F2 /* MapKit.framework in Frameworks */,
				A63209061A2B13DC004080F2 /* QuartzCore.framework in Frameworks */,
			);
			runOnlyForDeploymentPostprocessing = 0;
		};
		A6651D5D1A2AC84B0019F9DA /* Frameworks */ = {
			isa = PBXFrameworksBuildPhase;
			buildActionMask = 2147483647;
			files = (
			);
			runOnlyForDeploymentPostprocessing = 0;
		};
/* End PBXFrameworksBuildPhase section */

/* Begin PBXGroup section */
		A63209171A2BEB77004080F2 /* Frameworks */ = {
			isa = PBXGroup;
			children = (
				A6388A6A1A30FAA4002FB20A /* EventKit.framework */,
				A63209281A2BEDB9004080F2 /* Bolts.framework */,
				A63209291A2BEDB9004080F2 /* Parse.framework */,
				A632092A1A2BEDB9004080F2 /* ParseFacebookUtils.framework */,
				A63209181A2BEBFA004080F2 /* AudioToolbox.framework */,
				A63209191A2BEBFA004080F2 /* CFNetwork.framework */,
				A632091A1A2BEBFA004080F2 /* CoreGraphics.framework */,
				A632091B1A2BEBFA004080F2 /* libz.dylib */,
				A632091C1A2BEBFA004080F2 /* MobileCoreServices.framework */,
				A632091D1A2BEBFA004080F2 /* Security.framework */,
				A632091E1A2BEBFA004080F2 /* StoreKit.framework */,
				A632091F1A2BEBFA004080F2 /* SystemConfiguration.framework */,
				A63209011A2B13DC004080F2 /* CoreLocation.framework */,
				A63209021A2B13DC004080F2 /* MapKit.framework */,
				A63209031A2B13DC004080F2 /* QuartzCore.framework */,
			);
			name = Frameworks;
			sourceTree = "<group>";
		};
		A6446CF31A718EBE0082F989 /* MSCellAccessory */ = {
			isa = PBXGroup;
			children = (
				A6446CF41A718EBE0082F989 /* MSCellAccessory.h */,
				A6446CF51A718EBE0082F989 /* MSCellAccessory.m */,
				A6446CF61A718EBE0082F989 /* UIView+AccessViewController.h */,
				A6446CF71A718EBE0082F989 /* UIView+AccessViewController.m */,
			);
			path = MSCellAccessory;
			sourceTree = "<group>";
		};
		A6651D3E1A2AC84A0019F9DA = {
			isa = PBXGroup;
			children = (
				A6651D491A2AC84A0019F9DA /* SideBar */,
				A6651D631A2AC84B0019F9DA /* SideBarTests */,
				A6651D481A2AC84A0019F9DA /* Products */,
			);
			sourceTree = "<group>";
		};
		A6651D481A2AC84A0019F9DA /* Products */ = {
			isa = PBXGroup;
			children = (
				A6651D471A2AC84A0019F9DA /* SideBar.app */,
				A6651D601A2AC84B0019F9DA /* SideBarTests.xctest */,
			);
			name = Products;
			sourceTree = "<group>";
		};
		A6651D491A2AC84A0019F9DA /* SideBar */ = {
			isa = PBXGroup;
			children = (
				A6446CF31A718EBE0082F989 /* MSCellAccessory */,
				A6651D4E1A2AC84A0019F9DA /* AppDelegate.h */,
				A6651D4F1A2AC84A0019F9DA /* AppDelegate.m */,
				A6651D541A2AC84B0019F9DA /* Main.storyboard */,
				A620CE031A47DAFB007AA4ED /* SignUpViewController.h */,
				A620CE041A47DAFB007AA4ED /* SignUpViewController.m */,
				A62EEFFE1A31EC1F00C9661D /* JobOppTableViewController.h */,
				A62EEFFF1A31EC1F00C9661D /* JobOppTableViewController.m */,
				A6AE0D021A966D02005F3BA3 /* JobDetailViewController.h */,
				A6AE0D031A966D02005F3BA3 /* JobDetailViewController.m */,
				A6388A671A30CCEE002FB20A /* DetailInformationViewController.h */,
				A6388A681A30CCEE002FB20A /* DetailInformationViewController.m */,
				A6AE0CFF1A944893005F3BA3 /* InformationSessionTableViewCell.h */,
				A6AE0D001A944893005F3BA3 /* InformationSessionTableViewCell.m */,
				A632092E1A2DAF66004080F2 /* LoginViewController.h */,
				A632092F1A2DAF66004080F2 /* LoginViewController.m */,
				A632090E1A2BD263004080F2 /* InformationSessionTableViewController.h */,
				A632090F1A2BD263004080F2 /* InformationSessionTableViewController.m */,
				A63C4CC11A79FE710020199B /* TableCellsViewController.h */,
				A63C4CC21A79FE720020199B /* TableCellsViewController.m */,
				A63209111A2BD2B5004080F2 /* WorkshopTableViewController.h */,
				A63209121A2BD2B5004080F2 /* WorkshopTableViewController.m */,
				A63209141A2BD2EF004080F2 /* RoadMapTableViewController.h */,
				A63209151A2BD2EF004080F2 /* RoadMapTableViewController.m */,
				A6651D951A2AD4610019F9DA /* MainViewController.h */,
				A6651D961A2AD4610019F9DA /* MainViewController.m */,
				A6446CF01A717A370082F989 /* WhereTheFoodTableViewController.h */,
				A6446CF11A717A370082F989 /* WhereTheFoodTableViewController.m */,
				A6651D981A2AD4870019F9DA /* SidebarTableViewController.h */,
				A6651D991A2AD4870019F9DA /* SidebarTableViewController.m */,
				A6651D571A2AC84B0019F9DA /* Images.xcassets */,
				A6651D591A2AC84B0019F9DA /* LaunchScreen.xib */,
				A6651D911A2AD38E0019F9DA /* Library's */,
				A6651D4A1A2AC84A0019F9DA /* Supporting Files */,
			);
			path = SideBar;
			sourceTree = "<group>";
		};
		A6651D4A1A2AC84A0019F9DA /* Supporting Files */ = {
			isa = PBXGroup;
			children = (
				A63209171A2BEB77004080F2 /* Frameworks */,
				A6651D701A2AD0BB0019F9DA /* Images */,
				A6651D4B1A2AC84A0019F9DA /* Info.plist */,
				A6651D4C1A2AC84A0019F9DA /* main.m */,
			);
			name = "Supporting Files";
			sourceTree = "<group>";
		};
		A6651D631A2AC84B0019F9DA /* SideBarTests */ = {
			isa = PBXGroup;
			children = (
				A6651D661A2AC84B0019F9DA /* SideBarTests.m */,
				A6651D641A2AC84B0019F9DA /* Supporting Files */,
			);
			path = SideBarTests;
			sourceTree = "<group>";
		};
		A6651D641A2AC84B0019F9DA /* Supporting Files */ = {
			isa = PBXGroup;
			children = (
				A6651D651A2AC84B0019F9DA /* Info.plist */,
			);
			name = "Supporting Files";
			sourceTree = "<group>";
		};
		A6651D701A2AD0BB0019F9DA /* Images */ = {
			isa = PBXGroup;
			children = (
				A6651D711A2AD1540019F9DA /* bookmark_photo.jpg */,
				A6651D731A2AD1540019F9DA /* calendar_photo.jpg */,
				A6651D751A2AD1540019F9DA /* comments_photo.jpg */,
				A6651D7D1A2AD1550019F9DA /* tag_photo.jpg */,
				A6651D7F1A2AD1550019F9DA /* wishlist_photo.jpg */,
			);
			name = Images;
			sourceTree = "<group>";
		};
		A6651D911A2AD38E0019F9DA /* Library's */ = {
			isa = PBXGroup;
			children = (
				A620CE081A4A061E007AA4ED /* TPKeyboardAvoidingScrollView.h */,
				A620CE091A4A061E007AA4ED /* TPKeyboardAvoidingScrollView.m */,
				A6651D921A2AD3BB0019F9DA /* SWRevealViewController.h */,
				A6651D931A2AD3BB0019F9DA /* SWRevealViewController.m */,
			);
			name = "Library's";
			sourceTree = "<group>";
		};
/* End PBXGroup section */

/* Begin PBXNativeTarget section */
		A6651D461A2AC84A0019F9DA /* SideBar */ = {
			isa = PBXNativeTarget;
			buildConfigurationList = A6651D6A1A2AC84B0019F9DA /* Build configuration list for PBXNativeTarget "SideBar" */;
			buildPhases = (
				A6651D431A2AC84A0019F9DA /* Sources */,
				A6651D441A2AC84A0019F9DA /* Frameworks */,
				A6651D451A2AC84A0019F9DA /* Resources */,
			);
			buildRules = (
			);
			dependencies = (
			);
			name = SideBar;
			productName = SideBar;
			productReference = A6651D471A2AC84A0019F9DA /* SideBar.app */;
			productType = "com.apple.product-type.application";
		};
		A6651D5F1A2AC84B0019F9DA /* SideBarTests */ = {
			isa = PBXNativeTarget;
			buildConfigurationList = A6651D6D1A2AC84B0019F9DA /* Build configuration list for PBXNativeTarget "SideBarTests" */;
			buildPhases = (
				A6651D5C1A2AC84B0019F9DA /* Sources */,
				A6651D5D1A2AC84B0019F9DA /* Frameworks */,
				A6651D5E1A2AC84B0019F9DA /* Resources */,
			);
			buildRules = (
			);
			dependencies = (
				A6651D621A2AC84B0019F9DA /* PBXTargetDependency */,
			);
			name = SideBarTests;
			productName = SideBarTests;
			productReference = A6651D601A2AC84B0019F9DA /* SideBarTests.xctest */;
			productType = "com.apple.product-type.bundle.unit-test";
		};
/* End PBXNativeTarget section */

/* Begin PBXProject section */
		A6651D3F1A2AC84A0019F9DA /* Project object */ = {
			isa = PBXProject;
			attributes = {
				LastUpgradeCheck = 0610;
				ORGANIZATIONNAME = "Ranjay Salmon";
				TargetAttributes = {
					A6651D461A2AC84A0019F9DA = {
						CreatedOnToolsVersion = 6.1;
					};
					A6651D5F1A2AC84B0019F9DA = {
						CreatedOnToolsVersion = 6.1;
						TestTargetID = A6651D461A2AC84A0019F9DA;
					};
				};
			};
			buildConfigurationList = A6651D421A2AC84A0019F9DA /* Build configuration list for PBXProject "SideBar" */;
			compatibilityVersion = "Xcode 3.2";
			developmentRegion = English;
			hasScannedForEncodings = 0;
			knownRegions = (
				en,
				Base,
			);
			mainGroup = A6651D3E1A2AC84A0019F9DA;
			productRefGroup = A6651D481A2AC84A0019F9DA /* Products */;
			projectDirPath = "";
			projectRoot = "";
			targets = (
				A6651D461A2AC84A0019F9DA /* SideBar */,
				A6651D5F1A2AC84B0019F9DA /* SideBarTests */,
			);
		};
/* End PBXProject section */

/* Begin PBXResourcesBuildPhase section */
		A6651D451A2AC84A0019F9DA /* Resources */ = {
			isa = PBXResourcesBuildPhase;
			buildActionMask = 2147483647;
			files = (
				A6651D851A2AD1550019F9DA /* comments_photo.jpg in Resources */,
				A6651D8D1A2AD1550019F9DA /* tag_photo.jpg in Resources */,
				A6651D8F1A2AD1550019F9DA /* wishlist_photo.jpg in Resources */,
				A6651D811A2AD1550019F9DA /* bookmark_photo.jpg in Resources */,
				A6651D561A2AC84B0019F9DA /* Main.storyboard in Resources */,
				A6651D5B1A2AC84B0019F9DA /* LaunchScreen.xib in Resources */,
				A6651D831A2AD1550019F9DA /* calendar_photo.jpg in Resources */,
				A6651D581A2AC84B0019F9DA /* Images.xcassets in Resources */,
			);
			runOnlyForDeploymentPostprocessing = 0;
		};
		A6651D5E1A2AC84B0019F9DA /* Resources */ = {
			isa = PBXResourcesBuildPhase;
			buildActionMask = 2147483647;
			files = (
			);
			runOnlyForDeploymentPostprocessing = 0;
		};
/* End PBXResourcesBuildPhase section */

/* Begin PBXSourcesBuildPhase section */
		A6651D431A2AC84A0019F9DA /* Sources */ = {
			isa = PBXSourcesBuildPhase;
			buildActionMask = 2147483647;
			files = (
				A63209131A2BD2B5004080F2 /* WorkshopTableViewController.m in Sources */,
				A63209161A2BD2EF004080F2 /* RoadMapTableViewController.m in Sources */,
				A6651D9A1A2AD4870019F9DA /* SidebarTableViewController.m in Sources */,
				A6388A691A30CCEE002FB20A /* DetailInformationViewController.m in Sources */,
				A6651D501A2AC84A0019F9DA /* AppDelegate.m in Sources */,
				A6AE0D011A944893005F3BA3 /* InformationSessionTableViewCell.m in Sources */,
				A63C4CC31A79FE720020199B /* TableCellsViewController.m in Sources */,
				A6651D4D1A2AC84A0019F9DA /* main.m in Sources */,
				A62EF0001A31EC1F00C9661D /* JobOppTableViewController.m in Sources */,
				A63209101A2BD263004080F2 /* InformationSessionTableViewController.m in Sources */,
				A6446CF21A717A370082F989 /* WhereTheFoodTableViewController.m in Sources */,
				A620CE0A1A4A061E007AA4ED /* TPKeyboardAvoidingScrollView.m in Sources */,
				A6446CF81A718EBE0082F989 /* MSCellAccessory.m in Sources */,
				A6651D941A2AD3BB0019F9DA /* SWRevealViewController.m in Sources */,
				A63209301A2DAF66004080F2 /* LoginViewController.m in Sources */,
				A6446CF91A718EBE0082F989 /* UIView+AccessViewController.m in Sources */,
				A6AE0D041A966D02005F3BA3 /* JobDetailViewController.m in Sources */,
				A620CE051A47DAFB007AA4ED /* SignUpViewController.m in Sources */,
				A6651D971A2AD4610019F9DA /* MainViewController.m in Sources */,
			);
			runOnlyForDeploymentPostprocessing = 0;
		};
		A6651D5C1A2AC84B0019F9DA /* Sources */ = {
			isa = PBXSourcesBuildPhase;
			buildActionMask = 2147483647;
			files = (
				A6651D671A2AC84B0019F9DA /* SideBarTests.m in Sources */,
			);
			runOnlyForDeploymentPostprocessing = 0;
		};
/* End PBXSourcesBuildPhase section */

/* Begin PBXTargetDependency section */
		A6651D621A2AC84B0019F9DA /* PBXTargetDependency */ = {
			isa = PBXTargetDependency;
			target = A6651D461A2AC84A0019F9DA /* SideBar */;
			targetProxy = A6651D611A2AC84B0019F9DA /* PBXContainerItemProxy */;
		};
/* End PBXTargetDependency section */

/* Begin PBXVariantGroup section */
		A6651D541A2AC84B0019F9DA /* Main.storyboard */ = {
			isa = PBXVariantGroup;
			children = (
				A6651D551A2AC84B0019F9DA /* Base */,
			);
			name = Main.storyboard;
			sourceTree = "<group>";
		};
		A6651D591A2AC84B0019F9DA /* LaunchScreen.xib */ = {
			isa = PBXVariantGroup;
			children = (
				A6651D5A1A2AC84B0019F9DA /* Base */,
			);
			name = LaunchScreen.xib;
			sourceTree = "<group>";
		};
/* End PBXVariantGroup section */

/* Begin XCBuildConfiguration section */
		A6651D681A2AC84B0019F9DA /* Debug */ = {
			isa = XCBuildConfiguration;
			buildSettings = {
				ALWAYS_SEARCH_USER_PATHS = NO;
				CLANG_CXX_LANGUAGE_STANDARD = "gnu++0x";
				CLANG_CXX_LIBRARY = "libc++";
				CLANG_ENABLE_MODULES = YES;
				CLANG_ENABLE_OBJC_ARC = YES;
				CLANG_WARN_BOOL_CONVERSION = YES;
				CLANG_WARN_CONSTANT_CONVERSION = YES;
				CLANG_WARN_DIRECT_OBJC_ISA_USAGE = YES_ERROR;
				CLANG_WARN_EMPTY_BODY = YES;
				CLANG_WARN_ENUM_CONVERSION = YES;
				CLANG_WARN_INT_CONVERSION = YES;
				CLANG_WARN_OBJC_ROOT_CLASS = YES_ERROR;
				CLANG_WARN_UNREACHABLE_CODE = YES;
				CLANG_WARN__DUPLICATE_METHOD_MATCH = YES;
				"CODE_SIGN_IDENTITY[sdk=iphoneos*]" = "iPhone Developer";
				COPY_PHASE_STRIP = NO;
				ENABLE_STRICT_OBJC_MSGSEND = YES;
				GCC_C_LANGUAGE_STANDARD = gnu99;
				GCC_DYNAMIC_NO_PIC = NO;
				GCC_OPTIMIZATION_LEVEL = 0;
				GCC_PREPROCESSOR_DEFINITIONS = (
					"DEBUG=1",
					"$(inherited)",
				);
				GCC_SYMBOLS_PRIVATE_EXTERN = NO;
				GCC_WARN_64_TO_32_BIT_CONVERSION = YES;
				GCC_WARN_ABOUT_RETURN_TYPE = YES_ERROR;
				GCC_WARN_UNDECLARED_SELECTOR = YES;
				GCC_WARN_UNINITIALIZED_AUTOS = YES_AGGRESSIVE;
				GCC_WARN_UNUSED_FUNCTION = YES;
				GCC_WARN_UNUSED_VARIABLE = YES;
				IPHONEOS_DEPLOYMENT_TARGET = 8.1;
				MTL_ENABLE_DEBUG_INFO = YES;
				ONLY_ACTIVE_ARCH = YES;
				SDKROOT = iphoneos;
			};
			name = Debug;
		};
		A6651D691A2AC84B0019F9DA /* Release */ = {
			isa = XCBuildConfiguration;
			buildSettings = {
				ALWAYS_SEARCH_USER_PATHS = NO;
				CLANG_CXX_LANGUAGE_STANDARD = "gnu++0x";
				CLANG_CXX_LIBRARY = "libc++";
				CLANG_ENABLE_MODULES = YES;
				CLANG_ENABLE_OBJC_ARC = YES;
				CLANG_WARN_BOOL_CONVERSION = YES;
				CLANG_WARN_CONSTANT_CONVERSION = YES;
				CLANG_WARN_DIRECT_OBJC_ISA_USAGE = YES_ERROR;
				CLANG_WARN_EMPTY_BODY = YES;
				CLANG_WARN_ENUM_CONVERSION = YES;
				CLANG_WARN_INT_CONVERSION = YES;
				CLANG_WARN_OBJC_ROOT_CLASS = YES_ERROR;
				CLANG_WARN_UNREACHABLE_CODE = YES;
				CLANG_WARN__DUPLICATE_METHOD_MATCH = YES;
				"CODE_SIGN_IDENTITY[sdk=iphoneos*]" = "iPhone Developer";
				COPY_PHASE_STRIP = YES;
				ENABLE_NS_ASSERTIONS = NO;
				ENABLE_STRICT_OBJC_MSGSEND = YES;
				GCC_C_LANGUAGE_STANDARD = gnu99;
				GCC_WARN_64_TO_32_BIT_CONVERSION = YES;
				GCC_WARN_ABOUT_RETURN_TYPE = YES_ERROR;
				GCC_WARN_UNDECLARED_SELECTOR = YES;
				GCC_WARN_UNINITIALIZED_AUTOS = YES_AGGRESSIVE;
				GCC_WARN_UNUSED_FUNCTION = YES;
				GCC_WARN_UNUSED_VARIABLE = YES;
				IPHONEOS_DEPLOYMENT_TARGET = 8.1;
				MTL_ENABLE_DEBUG_INFO = NO;
				SDKROOT = iphoneos;
				VALIDATE_PRODUCT = YES;
			};
			name = Release;
		};
		A6651D6B1A2AC84B0019F9DA /* Debug */ = {
			isa = XCBuildConfiguration;
			buildSettings = {
				ASSETCATALOG_COMPILER_APPICON_NAME = AppIcon;
				FRAMEWORK_SEARCH_PATHS = (
					"$(inherited)",
					"$(PROJECT_DIR)/SideBar",
				);
				INFOPLIST_FILE = SideBar/Info.plist;
				LD_RUNPATH_SEARCH_PATHS = "$(inherited) @executable_path/Frameworks";
				PRODUCT_NAME = "$(TARGET_NAME)";
			};
			name = Debug;
		};
		A6651D6C1A2AC84B0019F9DA /* Release */ = {
			isa = XCBuildConfiguration;
			buildSettings = {
				ASSETCATALOG_COMPILER_APPICON_NAME = AppIcon;
				FRAMEWORK_SEARCH_PATHS = (
					"$(inherited)",
					"$(PROJECT_DIR)/SideBar",
				);
				INFOPLIST_FILE = SideBar/Info.plist;
				LD_RUNPATH_SEARCH_PATHS = "$(inherited) @executable_path/Frameworks";
				PRODUCT_NAME = "$(TARGET_NAME)";
			};
			name = Release;
		};
		A6651D6E1A2AC84B0019F9DA /* Debug */ = {
			isa = XCBuildConfiguration;
			buildSettings = {
				BUNDLE_LOADER = "$(TEST_HOST)";
				FRAMEWORK_SEARCH_PATHS = (
					"$(SDKROOT)/Developer/Library/Frameworks",
					"$(inherited)",
				);
				GCC_PREPROCESSOR_DEFINITIONS = (
					"DEBUG=1",
					"$(inherited)",
				);
				INFOPLIST_FILE = SideBarTests/Info.plist;
				LD_RUNPATH_SEARCH_PATHS = "$(inherited) @executable_path/Frameworks @loader_path/Frameworks";
				PRODUCT_NAME = "$(TARGET_NAME)";
				TEST_HOST = "$(BUILT_PRODUCTS_DIR)/SideBar.app/SideBar";
			};
			name = Debug;
		};
		A6651D6F1A2AC84B0019F9DA /* Release */ = {
			isa = XCBuildConfiguration;
			buildSettings = {
				BUNDLE_LOADER = "$(TEST_HOST)";
				FRAMEWORK_SEARCH_PATHS = (
					"$(SDKROOT)/Developer/Library/Frameworks",
					"$(inherited)",
				);
				INFOPLIST_FILE = SideBarTests/Info.plist;
				LD_RUNPATH_SEARCH_PATHS = "$(inherited) @executable_path/Frameworks @loader_path/Frameworks";
				PRODUCT_NAME = "$(TARGET_NAME)";
				TEST_HOST = "$(BUILT_PRODUCTS_DIR)/SideBar.app/SideBar";
			};
			name = Release;
		};
/* End XCBuildConfiguration section */

/* Begin XCConfigurationList section */
		A6651D421A2AC84A0019F9DA /* Build configuration list for PBXProject "SideBar" */ = {
			isa = XCConfigurationList;
			buildConfigurations = (
				A6651D681A2AC84B0019F9DA /* Debug */,
				A6651D691A2AC84B0019F9DA /* Release */,
			);
			defaultConfigurationIsVisible = 0;
			defaultConfigurationName = Release;
		};
		A6651D6A1A2AC84B0019F9DA /* Build configuration list for PBXNativeTarget "SideBar" */ = {
			isa = XCConfigurationList;
			buildConfigurations = (
				A6651D6B1A2AC84B0019F9DA /* Debug */,
				A6651D6C1A2AC84B0019F9DA /* Release */,
			);
			defaultConfigurationIsVisible = 0;
			defaultConfigurationName = Release;
		};
		A6651D6D1A2AC84B0019F9DA /* Build configuration list for PBXNativeTarget "SideBarTests" */ = {
			isa = XCConfigurationList;
			buildConfigurations = (
				A6651D6E1A2AC84B0019F9DA /* Debug */,
				A6651D6F1A2AC84B0019F9DA /* Release */,
			);
			defaultConfigurationIsVisible = 0;
			defaultConfigurationName = Release;
		};
/* End XCConfigurationList section */
	};
	rootObject = A6651D3F1A2AC84A0019F9DA /* Project object */;
}
